{
  "nodes": {
    "coq-nix-toolbox": {
      "flake": false,
      "locked": {
        "lastModified": 1790453344,
        "narHash": "sha256-FZ8xP2DMfrbsfn7rb8ZxvjGYlN7TP4hnjscSogGlfKo=",
        "owner": "lweqx",
        "repo": "coq-nix-toolbox",
        "rev": "0fe2b6e1d45537632b0d79716e75dca26c4b8c69",
        "type": "github"
      },
      "original": {
        "owner": "lweqx",
        "ref": "allow-passing-nixpkgs-directly",
        "repo": "coq-nix-toolbox",
        "type": "github"
      }
    },
    "nixpkgs": {
      "locked": {
        "lastModified": 1790822859,
        "narHash": "sha256-69xHQhAeMAD2wDXO7T2pcOZIF9Sga2W+JkmY2a11Ops=",
        "owner": "NixOS",
        "repo": "nixpkgs",
        "rev": "c59305bab2065cfecc4944690d9eedbb56f3a9fa",
        "type": "github"
      },
      "original": {
        "owner": "NixOS",
        "ref": "nixos-unstable",
        "repo": "nixpkgs",
        "type": "github"
      }
    },
    "root": {
      "inputs": {
        "coq-nix-toolbox": "coq-nix-toolbox",
        "nixpkgs": "nixpkgs"
      }
    }
  },
  "root": "root",
  "version": 7
}
